
Microsoft Visual Studio Solution File, Format Version 12.00
# Visual Studio Version 16
VisualStudioVersion = 16.0.29613.14
MinimumVisualStudioVersion = 10.0.40219.1
Project("{FAE04EC0-301F-11D3-BF4B-00C04F79EFBC}") = "CarRacingGame", "CarRacingGame.csproj", "{5928C125-57F3-427B-9243-B20C82D1009D}"
EndProject
Global
	GlobalSection(SolutionConfigurationPlatforms) = preSolution
		Debug|Any CPU = Debug|Any CPU
		Release|Any CPU = Release|Any CPU
	EndGlobalSection
	GlobalSection(ProjectConfigurationPlatforms) = postSolution
		{5928C125-57F3-427B-9243-B20C82D1009D}.Debug|Any CPU.ActiveCfg = Debug|Any CPU
		{5928C125-57F3-427B-9243-B20C82D1009D}.Debug|Any CPU.Build.0 = Debug|Any CPU
		{5928C125-57F3-427B-9243-B20C82D1009D}.Release|Any CPU.ActiveCfg = Release|Any CPU
		{5928C125-57F3-427B-9243-B20C82D1009D}.Release|Any CPU.Build.0 = Release|Any CPU
	EndGlobalSection
	GlobalSection(SolutionProperties) = preSolution
		HideSolutionNode = FALSE
	EndGlobalSection
	GlobalSection(ExtensibilityGlobals) = postSolution
		SolutionGuid = {E940A38F-8AEA-4146-B999-CF60E18CC25C}
	EndGlobalSection
EndGlobal
